
Microsoft Visual Studio Solution File, Format Version 12.00
# Visual Studio 15
VisualStudioVersion = 15.0.26730.16
MinimumVisualStudioVersion = 10.0.40219.1
Project("{FAE04EC0-301F-11D3-BF4B-00C04F79EFBC}") = "postageCalculatorHelperMethodsChallenge", "postageCalculatorHelperMethodsChallenge\postageCalculatorHelperMethodsChallenge.csproj", "{AA9BF5D8-F833-435B-ABE9-401893549818}"
EndProject
Global
	GlobalSection(SolutionConfigurationPlatforms) = preSolution
		Debug|Any CPU = Debug|Any CPU
		Release|Any CPU = Release|Any CPU
	EndGlobalSection
	GlobalSection(ProjectConfigurationPlatforms) = postSolution
		{AA9BF5D8-F833-435B-ABE9-401893549818}.Debug|Any CPU.ActiveCfg = Debug|Any CPU
		{AA9BF5D8-F833-435B-ABE9-401893549818}.Debug|Any CPU.Build.0 = Debug|Any CPU
		{AA9BF5D8-F833-435B-ABE9-401893549818}.Release|Any CPU.ActiveCfg = Release|Any CPU
		{AA9BF5D8-F833-435B-ABE9-401893549818}.Release|Any CPU.Build.0 = Release|Any CPU
	EndGlobalSection
	GlobalSection(SolutionProperties) = preSolution
		HideSolutionNode = FALSE
	EndGlobalSection
	GlobalSection(ExtensibilityGlobals) = postSolution
		SolutionGuid = {9926DE38-0E24-4F90-A771-D114FC6369C4}
	EndGlobalSection
EndGlobal
